
Microsoft Visual Studio Solution File, Format Version 12.00
# Visual Studio Version 17
VisualStudioVersion = 17.13.35806.99
MinimumVisualStudioVersion = 10.0.40219.1
Project("{2150E333-8FDC-42A3-9474-1A3956D46DE8}") = "Services", "Services", "{02EA681E-C7D8-13C7-8484-4AC65E1B71E8}"
EndProject
Project("{2150E333-8FDC-42A3-9474-1A3956D46DE8}") = "UserWrite", "UserWrite", "{12BEF894-EEE5-4C65-A69D-C31E5C5914EA}"
EndProject
Project("{2150E333-8FDC-42A3-9474-1A3956D46DE8}") = "UserRead", "UserRead", "{24BDBF58-FB5B-4F3B-B97A-3D599C9E2C03}"
EndProject
Project("{2150E333-8FDC-42A3-9474-1A3956D46DE8}") = "APIGateway", "APIGateway", "{A7444D64-BD3D-48BC-AFBF-8B21CA862F3D}"
EndProject
Project("{2150E333-8FDC-42A3-9474-1A3956D46DE8}") = "Common", "Common", "{87849FCC-2ECC-4E01-85B4-197012449A37}"
EndProject
Project("{FAE04EC0-301F-11D3-BF4B-00C04F79EFBC}") = "UserRead.API", "services\UserService\UserRead\UserRead.API\UserRead.API.csproj", "{F3A9D4D4-8E6F-6CAA-314D-16396D0D66C9}"
EndProject
Project("{FAE04EC0-301F-11D3-BF4B-00C04F79EFBC}") = "UserWrite.API", "services\UserService\UserWrite\UserWrite.API\UserWrite.API.csproj", "{08718C09-A023-466A-B91A-41002145B830}"
EndProject
Project("{2150E333-8FDC-42A3-9474-1A3956D46DE8}") = "UserService", "UserService", "{D6BED894-2B56-4619-9466-D84247C3C95B}"
EndProject
Project("{2150E333-8FDC-42A3-9474-1A3956D46DE8}") = "ClassSessionsService", "ClassSessionsService", "{5280BE7D-D84E-4B1F-B220-8468C438C620}"
EndProject
Project("{2150E333-8FDC-42A3-9474-1A3956D46DE8}") = "ClassSessionsRead", "ClassSessionsRead", "{046B727E-0ED1-406F-A7D1-295BAD4F3018}"
EndProject
Project("{2150E333-8FDC-42A3-9474-1A3956D46DE8}") = "ClassSessionsWrite", "ClassSessionsWrite", "{1D21FC8B-5C9E-48DE-9391-D4261D03AE60}"
EndProject
Project("{FAE04EC0-301F-11D3-BF4B-00C04F79EFBC}") = "ClassSessionsRead.API", "services\ClassSessionsService\classSessionRead\ClassSessionsRead.API\ClassSessionsRead.API.csproj", "{A384B70B-2106-4E92-9614-57494BE75336}"
EndProject
Project("{FAE04EC0-301F-11D3-BF4B-00C04F79EFBC}") = "ClassSessionsWrite.API", "services\ClassSessionsService\classSessionWrite\ClassSessionsWrite.API\ClassSessionsWrite.API.csproj", "{353AB199-39A0-4021-996B-C29A88FD8754}"
EndProject
Project("{FAE04EC0-301F-11D3-BF4B-00C04F79EFBC}") = "UserShared.Lib", "Common\UserShared.Lib\UserShared.Lib.csproj", "{C4D46573-7F8C-42E7-813F-524AEC3B4154}"
EndProject
Global
	GlobalSection(SolutionConfigurationPlatforms) = preSolution
		Debug|Any CPU = Debug|Any CPU
		Release|Any CPU = Release|Any CPU
	EndGlobalSection
	GlobalSection(ProjectConfigurationPlatforms) = postSolution
		{F3A9D4D4-8E6F-6CAA-314D-16396D0D66C9}.Debug|Any CPU.ActiveCfg = Debug|Any CPU
		{F3A9D4D4-8E6F-6CAA-314D-16396D0D66C9}.Debug|Any CPU.Build.0 = Debug|Any CPU
		{F3A9D4D4-8E6F-6CAA-314D-16396D0D66C9}.Release|Any CPU.ActiveCfg = Release|Any CPU
		{F3A9D4D4-8E6F-6CAA-314D-16396D0D66C9}.Release|Any CPU.Build.0 = Release|Any CPU
		{08718C09-A023-466A-B91A-41002145B830}.Debug|Any CPU.ActiveCfg = Debug|Any CPU
		{08718C09-A023-466A-B91A-41002145B830}.Debug|Any CPU.Build.0 = Debug|Any CPU
		{08718C09-A023-466A-B91A-41002145B830}.Release|Any CPU.ActiveCfg = Release|Any CPU
		{08718C09-A023-466A-B91A-41002145B830}.Release|Any CPU.Build.0 = Release|Any CPU
		{A384B70B-2106-4E92-9614-57494BE75336}.Debug|Any CPU.ActiveCfg = Debug|Any CPU
		{A384B70B-2106-4E92-9614-57494BE75336}.Debug|Any CPU.Build.0 = Debug|Any CPU
		{A384B70B-2106-4E92-9614-57494BE75336}.Release|Any CPU.ActiveCfg = Release|Any CPU
		{A384B70B-2106-4E92-9614-57494BE75336}.Release|Any CPU.Build.0 = Release|Any CPU
		{353AB199-39A0-4021-996B-C29A88FD8754}.Debug|Any CPU.ActiveCfg = Debug|Any CPU
		{353AB199-39A0-4021-996B-C29A88FD8754}.Debug|Any CPU.Build.0 = Debug|Any CPU
		{353AB199-39A0-4021-996B-C29A88FD8754}.Release|Any CPU.ActiveCfg = Release|Any CPU
		{353AB199-39A0-4021-996B-C29A88FD8754}.Release|Any CPU.Build.0 = Release|Any CPU
		{C4D46573-7F8C-42E7-813F-524AEC3B4154}.Debug|Any CPU.ActiveCfg = Debug|Any CPU
		{C4D46573-7F8C-42E7-813F-524AEC3B4154}.Debug|Any CPU.Build.0 = Debug|Any CPU
		{C4D46573-7F8C-42E7-813F-524AEC3B4154}.Release|Any CPU.ActiveCfg = Release|Any CPU
		{C4D46573-7F8C-42E7-813F-524AEC3B4154}.Release|Any CPU.Build.0 = Release|Any CPU
	EndGlobalSection
	GlobalSection(SolutionProperties) = preSolution
		HideSolutionNode = FALSE
	EndGlobalSection
	GlobalSection(NestedProjects) = preSolution
		{12BEF894-EEE5-4C65-A69D-C31E5C5914EA} = {D6BED894-2B56-4619-9466-D84247C3C95B}
		{24BDBF58-FB5B-4F3B-B97A-3D599C9E2C03} = {D6BED894-2B56-4619-9466-D84247C3C95B}
		{F3A9D4D4-8E6F-6CAA-314D-16396D0D66C9} = {24BDBF58-FB5B-4F3B-B97A-3D599C9E2C03}
		{08718C09-A023-466A-B91A-41002145B830} = {12BEF894-EEE5-4C65-A69D-C31E5C5914EA}
		{D6BED894-2B56-4619-9466-D84247C3C95B} = {02EA681E-C7D8-13C7-8484-4AC65E1B71E8}
		{5280BE7D-D84E-4B1F-B220-8468C438C620} = {02EA681E-C7D8-13C7-8484-4AC65E1B71E8}
		{046B727E-0ED1-406F-A7D1-295BAD4F3018} = {5280BE7D-D84E-4B1F-B220-8468C438C620}
		{1D21FC8B-5C9E-48DE-9391-D4261D03AE60} = {5280BE7D-D84E-4B1F-B220-8468C438C620}
		{A384B70B-2106-4E92-9614-57494BE75336} = {046B727E-0ED1-406F-A7D1-295BAD4F3018}
		{353AB199-39A0-4021-996B-C29A88FD8754} = {1D21FC8B-5C9E-48DE-9391-D4261D03AE60}
		{C4D46573-7F8C-42E7-813F-524AEC3B4154} = {87849FCC-2ECC-4E01-85B4-197012449A37}
	EndGlobalSection
	GlobalSection(ExtensibilityGlobals) = postSolution
		SolutionGuid = {E0CED85D-A7C4-4E8A-9B39-1F298DAFFC5D}
	EndGlobalSection
EndGlobal
